// !$*UTF8*$!
{
	archiveVersion = 1;
	classes = {
	};
	objectVersion = 77;
	objects = {

/* Begin PBXContainerItemProxy section */
		28E472A12DEC304100E60214 /* PBXContainerItemProxy */ = {
			isa = PBXContainerItemProxy;
			containerPortal = 28E472882DEC301E00E60214 /* Project object */;
			proxyType = 1;
			remoteGlobalIDString = 28E4728F2DEC301F00E60214;
			remoteInfo = Imgr;
		};
		28E472AB2DEC304100E60214 /* PBXContainerItemProxy */ = {
			isa = PBXContainerItemProxy;
			containerPortal = 28E472882DEC301E00E60214 /* Project object */;
			proxyType = 1;
			remoteGlobalIDString = 28E4728F2DEC301F00E60214;
			remoteInfo = Imgr;
		};
/* End PBXContainerItemProxy section */

/* Begin PBXFileReference section */
		28E472902DEC301F00E60214 /* Imgr.app */ = {isa = PBXFileReference; explicitFileType = wrapper.application; includeInIndex = 0; path = Imgr.app; sourceTree = BUILT_PRODUCTS_DIR; };
		28E472A02DEC304100E60214 /* ImgrTests.xctest */ = {isa = PBXFileReference; explicitFileType = wrapper.cfbundle; includeInIndex = 0; path = ImgrTests.xctest; sourceTree = BUILT_PRODUCTS_DIR; };
		28E472AA2DEC304100E60214 /* ImgrUITests.xctest */ = {isa = PBXFileReference; explicitFileType = wrapper.cfbundle; includeInIndex = 0; path = ImgrUITests.xctest; sourceTree = BUILT_PRODUCTS_DIR; };
/* End PBXFileReference section */

/* Begin PBXFileSystemSynchronizedBuildFileExceptionSet section */
		28E472D92DEC324700E60214 /* Exceptions for "Imgr" folder in "Imgr" target */ = {
			isa = PBXFileSystemSynchronizedBuildFileExceptionSet;
			membershipExceptions = (
				Info.plist,
			);
			target = 28E4728F2DEC301F00E60214 /* Imgr */;
		};
		28E4730C2DECCCC600E60214 /* Exceptions for "Imgr" folder in "ImgrTests" target */ = {
			isa = PBXFileSystemSynchronizedBuildFileExceptionSet;
			membershipExceptions = (
				Views/ContenView/ContentViewModel.swift,
				Views/ContenView/SupportStructs.swift,
			);
			target = 28E4729F2DEC304100E60214 /* ImgrTests */;
		};
/* End PBXFileSystemSynchronizedBuildFileExceptionSet section */

/* Begin PBXFileSystemSynchronizedRootGroup section */
		28E472922DEC301F00E60214 /* Imgr */ = {
			isa = PBXFileSystemSynchronizedRootGroup;
			exceptions = (
				28E472D92DEC324700E60214 /* Exceptions for "Imgr" folder in "Imgr" target */,
				28E4730C2DECCCC600E60214 /* Exceptions for "Imgr" folder in "ImgrTests" target */,
			);
			path = Imgr;
			sourceTree = "<group>";
		};
		28E472A32DEC304100E60214 /* ImgrTests */ = {
			isa = PBXFileSystemSynchronizedRootGroup;
			path = ImgrTests;
			sourceTree = "<group>";
		};
		28E472AD2DEC304100E60214 /* ImgrUITests */ = {
			isa = PBXFileSystemSynchronizedRootGroup;
			path = ImgrUITests;
			sourceTree = "<group>";
		};
/* End PBXFileSystemSynchronizedRootGroup section */

/* Begin PBXFrameworksBuildPhase section */
		28E4728D2DEC301F00E60214 /* Frameworks */ = {
			isa = PBXFrameworksBuildPhase;
			buildActionMask = 2147483647;
			files = (
			);
			runOnlyForDeploymentPostprocessing = 0;
		};
		28E4729D2DEC304100E60214 /* Frameworks */ = {
			isa = PBXFrameworksBuildPhase;
			buildActionMask = 2147483647;
			files = (
			);
			runOnlyForDeploymentPostprocessing = 0;
		};
		28E472A72DEC304100E60214 /* Frameworks */ = {
			isa = PBXFrameworksBuildPhase;
			buildActionMask = 2147483647;
			files = (
			);
			runOnlyForDeploymentPostprocessing = 0;
		};
/* End PBXFrameworksBuildPhase section */

/* Begin PBXGroup section */
		288C44E62DED628800040149 /* Frameworks */ = {
			isa = PBXGroup;
			children = (
			);
			name = Frameworks;
			sourceTree = "<group>";
		};
		28E472872DEC301E00E60214 = {
			isa = PBXGroup;
			children = (
				28E472922DEC301F00E60214 /* Imgr */,
				28E472A32DEC304100E60214 /* ImgrTests */,
				28E472AD2DEC304100E60214 /* ImgrUITests */,
				288C44E62DED628800040149 /* Frameworks */,
				28E472912DEC301F00E60214 /* Products */,
			);
			sourceTree = "<group>";
		};
		28E472912DEC301F00E60214 /* Products */ = {
			isa = PBXGroup;
			children = (
				28E472902DEC301F00E60214 /* Imgr.app */,
				28E472A02DEC304100E60214 /* ImgrTests.xctest */,
				28E472AA2DEC304100E60214 /* ImgrUITests.xctest */,
			);
			name = Products;
			sourceTree = "<group>";
		};
/* End PBXGroup section */

/* Begin PBXNativeTarget section */
		28E4728F2DEC301F00E60214 /* Imgr */ = {
			isa = PBXNativeTarget;
			buildConfigurationList = 28E472B42DEC304100E60214 /* Build configuration list for PBXNativeTarget "Imgr" */;
			buildPhases = (
				28E4728C2DEC301F00E60214 /* Sources */,
				28E4728D2DEC301F00E60214 /* Frameworks */,
				28E4728E2DEC301F00E60214 /* Resources */,
			);
			buildRules = (
			);
			dependencies = (
			);
			fileSystemSynchronizedGroups = (
				28E472922DEC301F00E60214 /* Imgr */,
			);
			name = Imgr;
			packageProductDependencies = (
			);
			productName = Imgr;
			productReference = 28E472902DEC301F00E60214 /* Imgr.app */;
			productType = "com.apple.product-type.application";
		};
		28E4729F2DEC304100E60214 /* ImgrTests */ = {
			isa = PBXNativeTarget;
			buildConfigurationList = 28E472B72DEC304100E60214 /* Build configuration list for PBXNativeTarget "ImgrTests" */;
			buildPhases = (
				28E4729C2DEC304100E60214 /* Sources */,
				28E4729D2DEC304100E60214 /* Frameworks */,
				28E4729E2DEC304100E60214 /* Resources */,
			);
			buildRules = (
			);
			dependencies = (
				28E472A22DEC304100E60214 /* PBXTargetDependency */,
			);
			fileSystemSynchronizedGroups = (
				28E472A32DEC304100E60214 /* ImgrTests */,
			);
			name = ImgrTests;
			packageProductDependencies = (
			);
			productName = ImgrTests;
			productReference = 28E472A02DEC304100E60214 /* ImgrTests.xctest */;
			productType = "com.apple.product-type.bundle.unit-test";
		};
		28E472A92DEC304100E60214 /* ImgrUITests */ = {
			isa = PBXNativeTarget;
			buildConfigurationList = 28E472BA2DEC304100E60214 /* Build configuration list for PBXNativeTarget "ImgrUITests" */;
			buildPhases = (
				28E472A62DEC304100E60214 /* Sources */,
				28E472A72DEC304100E60214 /* Frameworks */,
				28E472A82DEC304100E60214 /* Resources */,
			);
			buildRules = (
			);
			dependencies = (
				28E472AC2DEC304100E60214 /* PBXTargetDependency */,
			);
			fileSystemSynchronizedGroups = (
				28E472AD2DEC304100E60214 /* ImgrUITests */,
			);
			name = ImgrUITests;
			packageProductDependencies = (
			);
			productName = ImgrUITests;
			productReference = 28E472AA2DEC304100E60214 /* ImgrUITests.xctest */;
			productType = "com.apple.product-type.bundle.ui-testing";
		};
/* End PBXNativeTarget section */

/* Begin PBXProject section */
		28E472882DEC301E00E60214 /* Project object */ = {
			isa = PBXProject;
			attributes = {
				BuildIndependentTargetsInParallel = 1;
				LastSwiftUpdateCheck = 1610;
				LastUpgradeCheck = 1610;
				TargetAttributes = {
					28E4728F2DEC301F00E60214 = {
						CreatedOnToolsVersion = 16.1;
					};
					28E4729F2DEC304100E60214 = {
						CreatedOnToolsVersion = 16.1;
						TestTargetID = 28E4728F2DEC301F00E60214;
					};
					28E472A92DEC304100E60214 = {
						CreatedOnToolsVersion = 16.1;
						TestTargetID = 28E4728F2DEC301F00E60214;
					};
				};
			};
			buildConfigurationList = 28E4728B2DEC301E00E60214 /* Build configuration list for PBXProject "Imgr" */;
			developmentRegion = en;
			hasScannedForEncodings = 0;
			knownRegions = (
				en,
				Base,
			);
			mainGroup = 28E472872DEC301E00E60214;
			minimizedProjectReferenceProxies = 1;
			packageReferences = (
			);
			preferredProjectObjectVersion = 77;
			productRefGroup = 28E472912DEC301F00E60214 /* Products */;
			projectDirPath = "";
			projectRoot = "";
			targets = (
				28E4728F2DEC301F00E60214 /* Imgr */,
				28E4729F2DEC304100E60214 /* ImgrTests */,
				28E472A92DEC304100E60214 /* ImgrUITests */,
			);
		};
/* End PBXProject section */

/* Begin PBXResourcesBuildPhase section */
		28E4728E2DEC301F00E60214 /* Resources */ = {
			isa = PBXResourcesBuildPhase;
			buildActionMask = 2147483647;
			files = (
			);
			runOnlyForDeploymentPostprocessing = 0;
		};
		28E4729E2DEC304100E60214 /* Resources */ = {
			isa = PBXResourcesBuildPhase;
			buildActionMask = 2147483647;
			files = (
			);
			runOnlyForDeploymentPostprocessing = 0;
		};
		28E472A82DEC304100E60214 /* Resources */ = {
			isa = PBXResourcesBuildPhase;
			buildActionMask = 2147483647;
			files = (
			);
			runOnlyForDeploymentPostprocessing = 0;
		};
/* End PBXResourcesBuildPhase section */

/* Begin PBXSourcesBuildPhase section */
		28E4728C2DEC301F00E60214 /* Sources */ = {
			isa = PBXSourcesBuildPhase;
			buildActionMask = 2147483647;
			files = (
			);
			runOnlyForDeploymentPostprocessing = 0;
		};
		28E4729C2DEC304100E60214 /* Sources */ = {
			isa = PBXSourcesBuildPhase;
			buildActionMask = 2147483647;
			files = (
			);
			runOnlyForDeploymentPostprocessing = 0;
		};
		28E472A62DEC304100E60214 /* Sources */ = {
			isa = PBXSourcesBuildPhase;
			buildActionMask = 2147483647;
			files = (
			);
			runOnlyForDeploymentPostprocessing = 0;
		};
/* End PBXSourcesBuildPhase section */

/* Begin PBXTargetDependency section */
		28E472A22DEC304100E60214 /* PBXTargetDependency */ = {
			isa = PBXTargetDependency;
			target = 28E4728F2DEC301F00E60214 /* Imgr */;
			targetProxy = 28E472A12DEC304100E60214 /* PBXContainerItemProxy */;
		};
		28E472AC2DEC304100E60214 /* PBXTargetDependency */ = {
			isa = PBXTargetDependency;
			target = 28E4728F2DEC301F00E60214 /* Imgr */;
			targetProxy = 28E472AB2DEC304100E60214 /* PBXContainerItemProxy */;
		};
/* End PBXTargetDependency section */

/* Begin XCBuildConfiguration section */
		28E472B22DEC304100E60214 /* Debug */ = {
			isa = XCBuildConfiguration;
			buildSettings = {
				ALWAYS_SEARCH_USER_PATHS = NO;
				ASSETCATALOG_COMPILER_GENERATE_SWIFT_ASSET_SYMBOL_EXTENSIONS = YES;
				CLANG_ANALYZER_NONNULL = YES;
				CLANG_ANALYZER_NUMBER_OBJECT_CONVERSION = YES_AGGRESSIVE;
				CLANG_CXX_LANGUAGE_STANDARD = "gnu++20";
				CLANG_ENABLE_MODULES = YES;
				CLANG_ENABLE_OBJC_ARC = YES;
				CLANG_ENABLE_OBJC_WEAK = YES;
				CLANG_WARN_BLOCK_CAPTURE_AUTORELEASING = YES;
				CLANG_WARN_BOOL_CONVERSION = YES;
				CLANG_WARN_COMMA = YES;
				CLANG_WARN_CONSTANT_CONVERSION = YES;
				CLANG_WARN_DEPRECATED_OBJC_IMPLEMENTATIONS = YES;
				CLANG_WARN_DIRECT_OBJC_ISA_USAGE = YES_ERROR;
				CLANG_WARN_DOCUMENTATION_COMMENTS = YES;
				CLANG_WARN_EMPTY_BODY = YES;
				CLANG_WARN_ENUM_CONVERSION = YES;
				CLANG_WARN_INFINITE_RECURSION = YES;
				CLANG_WARN_INT_CONVERSION = YES;
				CLANG_WARN_NON_LITERAL_NULL_CONVERSION = YES;
				CLANG_WARN_OBJC_IMPLICIT_RETAIN_SELF = YES;
				CLANG_WARN_OBJC_LITERAL_CONVERSION = YES;
				CLANG_WARN_OBJC_ROOT_CLASS = YES_ERROR;
				CLANG_WARN_QUOTED_INCLUDE_IN_FRAMEWORK_HEADER = YES;
				CLANG_WARN_RANGE_LOOP_ANALYSIS = YES;
				CLANG_WARN_STRICT_PROTOTYPES = YES;
				CLANG_WARN_SUSPICIOUS_MOVE = YES;
				CLANG_WARN_UNGUARDED_AVAILABILITY = YES_AGGRESSIVE;
				CLANG_WARN_UNREACHABLE_CODE = YES;
				CLANG_WARN__DUPLICATE_METHOD_MATCH = YES;
				COPY_PHASE_STRIP = NO;
				DEBUG_INFORMATION_FORMAT = dwarf;
				ENABLE_STRICT_OBJC_MSGSEND = YES;
				ENABLE_TESTABILITY = YES;
				ENABLE_USER_SCRIPT_SANDBOXING = YES;
				GCC_C_LANGUAGE_STANDARD = gnu17;
				GCC_DYNAMIC_NO_PIC = NO;
				GCC_NO_COMMON_BLOCKS = YES;
				GCC_OPTIMIZATION_LEVEL = 0;
				GCC_PREPROCESSOR_DEFINITIONS = (
					"DEBUG=1",
					"$(inherited)",
				);
				GCC_WARN_64_TO_32_BIT_CONVERSION = YES;
				GCC_WARN_ABOUT_RETURN_TYPE = YES_ERROR;
				GCC_WARN_UNDECLARED_SELECTOR = YES;
				GCC_WARN_UNINITIALIZED_AUTOS = YES_AGGRESSIVE;
				GCC_WARN_UNUSED_FUNCTION = YES;
				GCC_WARN_UNUSED_VARIABLE = YES;
				IPHONEOS_DEPLOYMENT_TARGET = 18.1;
				LOCALIZATION_PREFERS_STRING_CATALOGS = YES;
				MTL_ENABLE_DEBUG_INFO = INCLUDE_SOURCE;
				MTL_FAST_MATH = YES;
				ONLY_ACTIVE_ARCH = YES;
				SDKROOT = iphoneos;
				SWIFT_ACTIVE_COMPILATION_CONDITIONS = "DEBUG $(inherited)";
				SWIFT_OPTIMIZATION_LEVEL = "-Onone";
			};
			name = Debug;
		};
		28E472B32DEC304100E60214 /* Release */ = {
			isa = XCBuildConfiguration;
			buildSettings = {
				ALWAYS_SEARCH_USER_PATHS = NO;
				ASSETCATALOG_COMPILER_GENERATE_SWIFT_ASSET_SYMBOL_EXTENSIONS = YES;
				CLANG_ANALYZER_NONNULL = YES;
				CLANG_ANALYZER_NUMBER_OBJECT_CONVERSION = YES_AGGRESSIVE;
				CLANG_CXX_LANGUAGE_STANDARD = "gnu++20";
				CLANG_ENABLE_MODULES = YES;
				CLANG_ENABLE_OBJC_ARC = YES;
				CLANG_ENABLE_OBJC_WEAK = YES;
				CLANG_WARN_BLOCK_CAPTURE_AUTORELEASING = YES;
				CLANG_WARN_BOOL_CONVERSION = YES;
				CLANG_WARN_COMMA = YES;
				CLANG_WARN_CONSTANT_CONVERSION = YES;
				CLANG_WARN_DEPRECATED_OBJC_IMPLEMENTATIONS = YES;
				CLANG_WARN_DIRECT_OBJC_ISA_USAGE = YES_ERROR;
				CLANG_WARN_DOCUMENTATION_COMMENTS = YES;
				CLANG_WARN_EMPTY_BODY = YES;
				CLANG_WARN_ENUM_CONVERSION = YES;
				CLANG_WARN_INFINITE_RECURSION = YES;
				CLANG_WARN_INT_CONVERSION = YES;
				CLANG_WARN_NON_LITERAL_NULL_CONVERSION = YES;
				CLANG_WARN_OBJC_IMPLICIT_RETAIN_SELF = YES;
				CLANG_WARN_OBJC_LITERAL_CONVERSION = YES;
				CLANG_WARN_OBJC_ROOT_CLASS = YES_ERROR;
				CLANG_WARN_QUOTED_INCLUDE_IN_FRAMEWORK_HEADER = YES;
				CLANG_WARN_RANGE_LOOP_ANALYSIS = YES;
				CLANG_WARN_STRICT_PROTOTYPES = YES;
				CLANG_WARN_SUSPICIOUS_MOVE = YES;
				CLANG_WARN_UNGUARDED_AVAILABILITY = YES_AGGRESSIVE;
				CLANG_WARN_UNREACHABLE_CODE = YES;
				CLANG_WARN__DUPLICATE_METHOD_MATCH = YES;
				COPY_PHASE_STRIP = NO;
				DEBUG_INFORMATION_FORMAT = "dwarf-with-dsym";
				ENABLE_NS_ASSERTIONS = NO;
				ENABLE_STRICT_OBJC_MSGSEND = YES;
				ENABLE_USER_SCRIPT_SANDBOXING = YES;
				GCC_C_LANGUAGE_STANDARD = gnu17;
				GCC_NO_COMMON_BLOCKS = YES;
				GCC_WARN_64_TO_32_BIT_CONVERSION = YES;
				GCC_WARN_ABOUT_RETURN_TYPE = YES_ERROR;
				GCC_WARN_UNDECLARED_SELECTOR = YES;
				GCC_WARN_UNINITIALIZED_AUTOS = YES_AGGRESSIVE;
				GCC_WARN_UNUSED_FUNCTION = YES;
				GCC_WARN_UNUSED_VARIABLE = YES;
				IPHONEOS_DEPLOYMENT_TARGET = 18.1;
				LOCALIZATION_PREFERS_STRING_CATALOGS = YES;
				MTL_ENABLE_DEBUG_INFO = NO;
				MTL_FAST_MATH = YES;
				SDKROOT = iphoneos;
				SWIFT_COMPILATION_MODE = wholemodule;
				VALIDATE_PRODUCT = YES;
			};
			name = Release;
		};
		28E472B52DEC304100E60214 /* Debug */ = {
			isa = XCBuildConfiguration;
			buildSettings = {
				ASSETCATALOG_COMPILER_APPICON_NAME = AppIcon;
				ASSETCATALOG_COMPILER_GLOBAL_ACCENT_COLOR_NAME = AccentColor;
				CODE_SIGN_STYLE = Automatic;
				CURRENT_PROJECT_VERSION = 1;
				DEVELOPMENT_ASSET_PATHS = "\"Imgr/Preview Content\"";
				DEVELOPMENT_TEAM = QC2LRL9F42;
				ENABLE_PREVIEWS = YES;
				GENERATE_INFOPLIST_FILE = YES;
				INFOPLIST_FILE = Imgr/Info.plist;
				INFOPLIST_KEY_NSPhotoLibraryAddUsageDescription = "Imgr needs access to your library to select image.";
				INFOPLIST_KEY_NSPhotoLibraryUsageDescription = "Imgr needs access to your library to select image.";
				INFOPLIST_KEY_UIApplicationSceneManifest_Generation = YES;
				INFOPLIST_KEY_UIApplicationSupportsIndirectInputEvents = YES;
				INFOPLIST_KEY_UILaunchScreen_Generation = YES;
				INFOPLIST_KEY_UISupportedInterfaceOrientations_iPad = "UIInterfaceOrientationPortrait UIInterfaceOrientationPortraitUpsideDown UIInterfaceOrientationLandscapeLeft UIInterfaceOrientationLandscapeRight";
				INFOPLIST_KEY_UISupportedInterfaceOrientations_iPhone = "UIInterfaceOrientationPortrait UIInterfaceOrientationLandscapeLeft UIInterfaceOrientationLandscapeRight";
				LD_RUNPATH_SEARCH_PATHS = (
					"$(inherited)",
					"@executable_path/Frameworks",
				);
				MARKETING_VERSION = 1.0;
				PRODUCT_BUNDLE_IDENTIFIER = com.test.Imgr;
				PRODUCT_NAME = "$(TARGET_NAME)";
				SUPPORTED_PLATFORMS = "iphoneos iphonesimulator";
				SUPPORTS_MACCATALYST = NO;
				SUPPORTS_MAC_DESIGNED_FOR_IPHONE_IPAD = NO;
				SUPPORTS_XR_DESIGNED_FOR_IPHONE_IPAD = NO;
				SWIFT_EMIT_LOC_STRINGS = YES;
				SWIFT_VERSION = 5.0;
				TARGETED_DEVICE_FAMILY = 1;
			};
			name = Debug;
		};
		28E472B62DEC304100E60214 /* Release */ = {
			isa = XCBuildConfiguration;
			buildSettings = {
				ASSETCATALOG_COMPILER_APPICON_NAME = AppIcon;
				ASSETCATALOG_COMPILER_GLOBAL_ACCENT_COLOR_NAME = AccentColor;
				CODE_SIGN_STYLE = Automatic;
				CURRENT_PROJECT_VERSION = 1;
				DEVELOPMENT_ASSET_PATHS = "\"Imgr/Preview Content\"";
				DEVELOPMENT_TEAM = QC2LRL9F42;
				ENABLE_PREVIEWS = YES;
				GENERATE_INFOPLIST_FILE = YES;
				INFOPLIST_FILE = Imgr/Info.plist;
				INFOPLIST_KEY_NSPhotoLibraryAddUsageDescription = "Imgr needs access to your library to select image.";
				INFOPLIST_KEY_NSPhotoLibraryUsageDescription = "Imgr needs access to your library to select image.";
				INFOPLIST_KEY_UIApplicationSceneManifest_Generation = YES;
				INFOPLIST_KEY_UIApplicationSupportsIndirectInputEvents = YES;
				INFOPLIST_KEY_UILaunchScreen_Generation = YES;
				INFOPLIST_KEY_UISupportedInterfaceOrientations_iPad = "UIInterfaceOrientationPortrait UIInterfaceOrientationPortraitUpsideDown UIInterfaceOrientationLandscapeLeft UIInterfaceOrientationLandscapeRight";
				INFOPLIST_KEY_UISupportedInterfaceOrientations_iPhone = "UIInterfaceOrientationPortrait UIInterfaceOrientationLandscapeLeft UIInterfaceOrientationLandscapeRight";
				LD_RUNPATH_SEARCH_PATHS = (
					"$(inherited)",
					"@executable_path/Frameworks",
				);
				MARKETING_VERSION = 1.0;
				PRODUCT_BUNDLE_IDENTIFIER = com.test.Imgr;
				PRODUCT_NAME = "$(TARGET_NAME)";
				SUPPORTED_PLATFORMS = "iphoneos iphonesimulator";
				SUPPORTS_MACCATALYST = NO;
				SUPPORTS_MAC_DESIGNED_FOR_IPHONE_IPAD = NO;
				SUPPORTS_XR_DESIGNED_FOR_IPHONE_IPAD = NO;
				SWIFT_EMIT_LOC_STRINGS = YES;
				SWIFT_VERSION = 5.0;
				TARGETED_DEVICE_FAMILY = 1;
			};
			name = Release;
		};
		28E472B82DEC304100E60214 /* Debug */ = {
			isa = XCBuildConfiguration;
			buildSettings = {
				BUNDLE_LOADER = "$(TEST_HOST)";
				CODE_SIGN_STYLE = Automatic;
				CURRENT_PROJECT_VERSION = 1;
				DEVELOPMENT_TEAM = QC2LRL9F42;
				GENERATE_INFOPLIST_FILE = YES;
				IPHONEOS_DEPLOYMENT_TARGET = 18.1;
				MARKETING_VERSION = 1.0;
				PRODUCT_BUNDLE_IDENTIFIER = com.test.ImgrTests;
				PRODUCT_NAME = "$(TARGET_NAME)";
				SWIFT_EMIT_LOC_STRINGS = NO;
				SWIFT_VERSION = 5.0;
				TARGETED_DEVICE_FAMILY = "1,2";
				TEST_HOST = "$(BUILT_PRODUCTS_DIR)/Imgr.app/$(BUNDLE_EXECUTABLE_FOLDER_PATH)/Imgr";
			};
			name = Debug;
		};
		28E472B92DEC304100E60214 /* Release */ = {
			isa = XCBuildConfiguration;
			buildSettings = {
				BUNDLE_LOADER = "$(TEST_HOST)";
				CODE_SIGN_STYLE = Automatic;
				CURRENT_PROJECT_VERSION = 1;
				DEVELOPMENT_TEAM = QC2LRL9F42;
				GENERATE_INFOPLIST_FILE = YES;
				IPHONEOS_DEPLOYMENT_TARGET = 18.1;
				MARKETING_VERSION = 1.0;
				PRODUCT_BUNDLE_IDENTIFIER = com.test.ImgrTests;
				PRODUCT_NAME = "$(TARGET_NAME)";
				SWIFT_EMIT_LOC_STRINGS = NO;
				SWIFT_VERSION = 5.0;
				TARGETED_DEVICE_FAMILY = "1,2";
				TEST_HOST = "$(BUILT_PRODUCTS_DIR)/Imgr.app/$(BUNDLE_EXECUTABLE_FOLDER_PATH)/Imgr";
			};
			name = Release;
		};
		28E472BB2DEC304100E60214 /* Debug */ = {
			isa = XCBuildConfiguration;
			buildSettings = {
				CODE_SIGN_STYLE = Automatic;
				CURRENT_PROJECT_VERSION = 1;
				DEVELOPMENT_TEAM = QC2LRL9F42;
				GENERATE_INFOPLIST_FILE = YES;
				MARKETING_VERSION = 1.0;
				PRODUCT_BUNDLE_IDENTIFIER = com.test.ImgrUITests;
				PRODUCT_NAME = "$(TARGET_NAME)";
				SWIFT_EMIT_LOC_STRINGS = NO;
				SWIFT_VERSION = 5.0;
				TARGETED_DEVICE_FAMILY = "1,2";
				TEST_TARGET_NAME = Imgr;
			};
			name = Debug;
		};
		28E472BC2DEC304100E60214 /* Release */ = {
			isa = XCBuildConfiguration;
			buildSettings = {
				CODE_SIGN_STYLE = Automatic;
				CURRENT_PROJECT_VERSION = 1;
				DEVELOPMENT_TEAM = QC2LRL9F42;
				GENERATE_INFOPLIST_FILE = YES;
				MARKETING_VERSION = 1.0;
				PRODUCT_BUNDLE_IDENTIFIER = com.test.ImgrUITests;
				PRODUCT_NAME = "$(TARGET_NAME)";
				SWIFT_EMIT_LOC_STRINGS = NO;
				SWIFT_VERSION = 5.0;
				TARGETED_DEVICE_FAMILY = "1,2";
				TEST_TARGET_NAME = Imgr;
			};
			name = Release;
		};
/* End XCBuildConfiguration section */

/* Begin XCConfigurationList section */
		28E4728B2DEC301E00E60214 /* Build configuration list for PBXProject "Imgr" */ = {
			isa = XCConfigurationList;
			buildConfigurations = (
				28E472B22DEC304100E60214 /* Debug */,
				28E472B32DEC304100E60214 /* Release */,
			);
			defaultConfigurationIsVisible = 0;
			defaultConfigurationName = Release;
		};
		28E472B42DEC304100E60214 /* Build configuration list for PBXNativeTarget "Imgr" */ = {
			isa = XCConfigurationList;
			buildConfigurations = (
				28E472B52DEC304100E60214 /* Debug */,
				28E472B62DEC304100E60214 /* Release */,
			);
			defaultConfigurationIsVisible = 0;
			defaultConfigurationName = Release;
		};
		28E472B72DEC304100E60214 /* Build configuration list for PBXNativeTarget "ImgrTests" */ = {
			isa = XCConfigurationList;
			buildConfigurations = (
				28E472B82DEC304100E60214 /* Debug */,
				28E472B92DEC304100E60214 /* Release */,
			);
			defaultConfigurationIsVisible = 0;
			defaultConfigurationName = Release;
		};
		28E472BA2DEC304100E60214 /* Build configuration list for PBXNativeTarget "ImgrUITests" */ = {
			isa = XCConfigurationList;
			buildConfigurations = (
				28E472BB2DEC304100E60214 /* Debug */,
				28E472BC2DEC304100E60214 /* Release */,
			);
			defaultConfigurationIsVisible = 0;
			defaultConfigurationName = Release;
		};
/* End XCConfigurationList section */
	};
	rootObject = 28E472882DEC301E00E60214 /* Project object */;
}
